
Microsoft Visual Studio Solution File, Format Version 12.00
# Visual Studio Version 16
VisualStudioVersion = 16.0.28729.10
MinimumVisualStudioVersion = 10.0.40219.1
Project("{8BC9CEB8-8B4A-11D0-8D11-00A0C91BC942}") = "Metrix_transposition", "Metrix_transposition.vcxproj", "{60F521D1-DBBE-4725-8DE5-A4A51C3CCFCF}"
EndProject
Global
	GlobalSection(SolutionConfigurationPlatforms) = preSolution
		Debug|x64 = Debug|x64
		Debug|x86 = Debug|x86
		Release|x64 = Release|x64
		Release|x86 = Release|x86
	EndGlobalSection
	GlobalSection(ProjectConfigurationPlatforms) = postSolution
		{60F521D1-DBBE-4725-8DE5-A4A51C3CCFCF}.Debug|x64.ActiveCfg = Debug|x64
		{60F521D1-DBBE-4725-8DE5-A4A51C3CCFCF}.Debug|x64.Build.0 = Debug|x64
		{60F521D1-DBBE-4725-8DE5-A4A51C3CCFCF}.Debug|x86.ActiveCfg = Debug|Win32
		{60F521D1-DBBE-4725-8DE5-A4A51C3CCFCF}.Debug|x86.Build.0 = Debug|Win32
		{60F521D1-DBBE-4725-8DE5-A4A51C3CCFCF}.Release|x64.ActiveCfg = Release|x64
		{60F521D1-DBBE-4725-8DE5-A4A51C3CCFCF}.Release|x64.Build.0 = Release|x64
		{60F521D1-DBBE-4725-8DE5-A4A51C3CCFCF}.Release|x86.ActiveCfg = Release|Win32
		{60F521D1-DBBE-4725-8DE5-A4A51C3CCFCF}.Release|x86.Build.0 = Release|Win32
	EndGlobalSection
	GlobalSection(SolutionProperties) = preSolution
		HideSolutionNode = FALSE
	EndGlobalSection
	GlobalSection(ExtensibilityGlobals) = postSolution
		SolutionGuid = {693EE7DE-32CA-4493-AE98-52E5B3CB710D}
	EndGlobalSection
EndGlobal
